// !$*UTF8*$!
{
	archiveVersion = 1;
	classes = {
	};
	objectVersion = 46;
	objects = {

/* Begin PBXBuildFile section */
		38933D0C18037B3600E6E4DD /* BusFolderController.m in Sources */ = {isa = PBXBuildFile; fileRef = 38933D0A18037B3600E6E4DD /* BusFolderController.m */; };
		38933D0D18037B3600E6E4DD /* BusFolderController.xib in Resources */ = {isa = PBXBuildFile; fileRef = 38933D0B18037B3600E6E4DD /* BusFolderController.xib */; };
		389CCEDE1804A46A00964266 /* BusGroupController.m in Sources */ = {isa = PBXBuildFile; fileRef = 389CCEDC1804A46A00964266 /* BusGroupController.m */; };
		389CCEDF1804A46A00964266 /* BusGroupController.xib in Resources */ = {isa = PBXBuildFile; fileRef = 389CCEDD1804A46A00964266 /* BusGroupController.xib */; };
		38AFD70E17FF5720004B0893 /* arrow.png in Resources */ = {isa = PBXBuildFile; fileRef = 38AFD6D517FF5720004B0893 /* arrow.png */; };
		38AFD70F17FF5720004B0893 /* circle-dashed-6-32.png in Resources */ = {isa = PBXBuildFile; fileRef = 38AFD6D617FF5720004B0893 /* circle-dashed-6-32.png */; };
		38AFD71017FF5720004B0893 /* circle-dashed-6-48.png in Resources */ = {isa = PBXBuildFile; fileRef = 38AFD6D717FF5720004B0893 /* circle-dashed-6-48.png */; };
		38AFD71117FF5720004B0893 /* CreateNewViewController.m in Sources */ = {isa = PBXBuildFile; fileRef = 38AFD6D917FF5720004B0893 /* CreateNewViewController.m */; };
		38AFD71217FF5720004B0893 /* CreateNewViewController.xib in Resources */ = {isa = PBXBuildFile; fileRef = 38AFD6DA17FF5720004B0893 /* CreateNewViewController.xib */; };
		38AFD71417FF5720004B0893 /* CustomButton.m in Sources */ = {isa = PBXBuildFile; fileRef = 38AFD6DD17FF5720004B0893 /* CustomButton.m */; };
		38AFD71617FF5720004B0893 /* edited-red-arrow2.png in Resources */ = {isa = PBXBuildFile; fileRef = 38AFD6DF17FF5720004B0893 /* edited-red-arrow2.png */; };
		38AFD71717FF5720004B0893 /* edited-red-arrow3.png in Resources */ = {isa = PBXBuildFile; fileRef = 38AFD6E017FF5720004B0893 /* edited-red-arrow3.png */; };
		38AFD71D17FF5720004B0893 /* GBViewController.m in Sources */ = {isa = PBXBuildFile; fileRef = 38AFD6ED17FF5720004B0893 /* GBViewController.m */; };
		38AFD71E17FF5720004B0893 /* GBViewController.xib in Resources */ = {isa = PBXBuildFile; fileRef = 38AFD6EE17FF5720004B0893 /* GBViewController.xib */; };
		38AFD71F17FF5720004B0893 /* GHViewController.m in Sources */ = {isa = PBXBuildFile; fileRef = 38AFD6F017FF5720004B0893 /* GHViewController.m */; };
		38AFD72017FF5720004B0893 /* GHViewController.xib in Resources */ = {isa = PBXBuildFile; fileRef = 38AFD6F117FF5720004B0893 /* GHViewController.xib */; };
		38AFD72117FF5720004B0893 /* GRViewController.m in Sources */ = {isa = PBXBuildFile; fileRef = 38AFD6F317FF5720004B0893 /* GRViewController.m */; };
		38AFD72217FF5720004B0893 /* GRViewController.xib in Resources */ = {isa = PBXBuildFile; fileRef = 38AFD6F417FF5720004B0893 /* GRViewController.xib */; };
		38AFD72317FF5720004B0893 /* GSViewController.m in Sources */ = {isa = PBXBuildFile; fileRef = 38AFD6F617FF5720004B0893 /* GSViewController.m */; };
		38AFD72417FF5720004B0893 /* GSViewController.xib in Resources */ = {isa = PBXBuildFile; fileRef = 38AFD6F717FF5720004B0893 /* GSViewController.xib */; };
		38AFD72517FF5720004B0893 /* LNEViewController.m in Sources */ = {isa = PBXBuildFile; fileRef = 38AFD6F917FF5720004B0893 /* LNEViewController.m */; };
		38AFD72617FF5720004B0893 /* LNEViewController.xib in Resources */ = {isa = PBXBuildFile; fileRef = 38AFD6FA17FF5720004B0893 /* LNEViewController.xib */; };
		38AFD72717FF5720004B0893 /* LPPViewController.m in Sources */ = {isa = PBXBuildFile; fileRef = 38AFD6FC17FF5720004B0893 /* LPPViewController.m */; };
		38AFD72817FF5720004B0893 /* LPPViewController.xib in Resources */ = {isa = PBXBuildFile; fileRef = 38AFD6FD17FF5720004B0893 /* LPPViewController.xib */; };
		38AFD72917FF5720004B0893 /* LSViewController.m in Sources */ = {isa = PBXBuildFile; fileRef = 38AFD6FF17FF5720004B0893 /* LSViewController.m */; };
		38AFD72A17FF5720004B0893 /* LSViewController.xib in Resources */ = {isa = PBXBuildFile; fileRef = 38AFD70017FF5720004B0893 /* LSViewController.xib */; };
		38AFD72B17FF5720004B0893 /* ParentViewController.m in Sources */ = {isa = PBXBuildFile; fileRef = 38AFD70217FF5720004B0893 /* ParentViewController.m */; };
		38AFD72D17FF5720004B0893 /* ParentViewController.xib in Resources */ = {isa = PBXBuildFile; fileRef = 38AFD70417FF5720004B0893 /* ParentViewController.xib */; };
		38AFD72E17FF5720004B0893 /* Parser.m in Sources */ = {isa = PBXBuildFile; fileRef = 38AFD70617FF5720004B0893 /* Parser.m */; };
		38AFD72F17FF5720004B0893 /* Prediction.m in Sources */ = {isa = PBXBuildFile; fileRef = 38AFD70817FF5720004B0893 /* Prediction.m */; };
		38AFD73017FF5720004B0893 /* SettingsViewController.m in Sources */ = {isa = PBXBuildFile; fileRef = 38AFD70A17FF5720004B0893 /* SettingsViewController.m */; };
		38AFD73117FF5720004B0893 /* SettingsViewController.xib in Resources */ = {isa = PBXBuildFile; fileRef = 38AFD70B17FF5720004B0893 /* SettingsViewController.xib */; };
		38AFD73217FF5720004B0893 /* Utilities.m in Sources */ = {isa = PBXBuildFile; fileRef = 38AFD70D17FF5720004B0893 /* Utilities.m */; };
		38FCC2CA17E2EAA10055F5A1 /* UIKit.framework in Frameworks */ = {isa = PBXBuildFile; fileRef = 38FCC2C917E2EAA10055F5A1 /* UIKit.framework */; };
		38FCC2CC17E2EAA10055F5A1 /* Foundation.framework in Frameworks */ = {isa = PBXBuildFile; fileRef = 38FCC2CB17E2EAA10055F5A1 /* Foundation.framework */; };
		38FCC2CE17E2EAA10055F5A1 /* CoreGraphics.framework in Frameworks */ = {isa = PBXBuildFile; fileRef = 38FCC2CD17E2EAA10055F5A1 /* CoreGraphics.framework */; };
		38FCC2D417E2EAA10055F5A1 /* InfoPlist.strings in Resources */ = {isa = PBXBuildFile; fileRef = 38FCC2D217E2EAA10055F5A1 /* InfoPlist.strings */; };
		38FCC2D617E2EAA10055F5A1 /* main.m in Sources */ = {isa = PBXBuildFile; fileRef = 38FCC2D517E2EAA10055F5A1 /* main.m */; };
		38FCC2DA17E2EAA10055F5A1 /* AppDelegate.m in Sources */ = {isa = PBXBuildFile; fileRef = 38FCC2D917E2EAA10055F5A1 /* AppDelegate.m */; };
		38FCC2DC17E2EAA10055F5A1 /* Default.png in Resources */ = {isa = PBXBuildFile; fileRef = 38FCC2DB17E2EAA10055F5A1 /* Default.png */; };
		38FCC2DE17E2EAA10055F5A1 /* Default@2x.png in Resources */ = {isa = PBXBuildFile; fileRef = 38FCC2DD17E2EAA10055F5A1 /* Default@2x.png */; };
		38FCC2E017E2EAA10055F5A1 /* Default-568h@2x.png in Resources */ = {isa = PBXBuildFile; fileRef = 38FCC2DF17E2EAA10055F5A1 /* Default-568h@2x.png */; };
		38FCC2E317E2EAA10055F5A1 /* MainStoryboard_iPhone.storyboard in Resources */ = {isa = PBXBuildFile; fileRef = 38FCC2E117E2EAA10055F5A1 /* MainStoryboard_iPhone.storyboard */; };
		38FCC2E617E2EAA10055F5A1 /* MainStoryboard_iPad.storyboard in Resources */ = {isa = PBXBuildFile; fileRef = 38FCC2E417E2EAA10055F5A1 /* MainStoryboard_iPad.storyboard */; };
		38FCC2E917E2EAA10055F5A1 /* ViewController.m in Sources */ = {isa = PBXBuildFile; fileRef = 38FCC2E817E2EAA10055F5A1 /* ViewController.m */; };
		38FCC2F117E2EAA10055F5A1 /* SenTestingKit.framework in Frameworks */ = {isa = PBXBuildFile; fileRef = 38FCC2F017E2EAA10055F5A1 /* SenTestingKit.framework */; };
		38FCC2F217E2EAA10055F5A1 /* UIKit.framework in Frameworks */ = {isa = PBXBuildFile; fileRef = 38FCC2C917E2EAA10055F5A1 /* UIKit.framework */; };
		38FCC2F317E2EAA10055F5A1 /* Foundation.framework in Frameworks */ = {isa = PBXBuildFile; fileRef = 38FCC2CB17E2EAA10055F5A1 /* Foundation.framework */; };
		38FCC2FB17E2EAA10055F5A1 /* InfoPlist.strings in Resources */ = {isa = PBXBuildFile; fileRef = 38FCC2F917E2EAA10055F5A1 /* InfoPlist.strings */; };
		38FCC2FE17E2EAA10055F5A1 /* bustimesTests.m in Sources */ = {isa = PBXBuildFile; fileRef = 38FCC2FD17E2EAA10055F5A1 /* bustimesTests.m */; };
/* End PBXBuildFile section */

/* Begin PBXContainerItemProxy section */
		38FCC2F417E2EAA10055F5A1 /* PBXContainerItemProxy */ = {
			isa = PBXContainerItemProxy;
			containerPortal = 38FCC2BE17E2EAA00055F5A1 /* Project object */;
			proxyType = 1;
			remoteGlobalIDString = 38FCC2C517E2EAA10055F5A1;
			remoteInfo = bustimes;
		};
/* End PBXContainerItemProxy section */

/* Begin PBXFileReference section */
		38933D0918037B3600E6E4DD /* BusFolderController.h */ = {isa = PBXFileReference; fileEncoding = 4; lastKnownFileType = sourcecode.c.h; path = BusFolderController.h; sourceTree = "<group>"; };
		38933D0A18037B3600E6E4DD /* BusFolderController.m */ = {isa = PBXFileReference; fileEncoding = 4; lastKnownFileType = sourcecode.c.objc; path = BusFolderController.m; sourceTree = "<group>"; };
		38933D0B18037B3600E6E4DD /* BusFolderController.xib */ = {isa = PBXFileReference; fileEncoding = 4; lastKnownFileType = file.xib; path = BusFolderController.xib; sourceTree = "<group>"; };
		389CCEDB1804A46A00964266 /* BusGroupController.h */ = {isa = PBXFileReference; fileEncoding = 4; lastKnownFileType = sourcecode.c.h; path = BusGroupController.h; sourceTree = "<group>"; };
		389CCEDC1804A46A00964266 /* BusGroupController.m */ = {isa = PBXFileReference; fileEncoding = 4; lastKnownFileType = sourcecode.c.objc; path = BusGroupController.m; sourceTree = "<group>"; };
		389CCEDD1804A46A00964266 /* BusGroupController.xib */ = {isa = PBXFileReference; fileEncoding = 4; lastKnownFileType = file.xib; path = BusGroupController.xib; sourceTree = "<group>"; };
		38AFD6D517FF5720004B0893 /* arrow.png */ = {isa = PBXFileReference; lastKnownFileType = image.png; path = arrow.png; sourceTree = "<group>"; };
		38AFD6D617FF5720004B0893 /* circle-dashed-6-32.png */ = {isa = PBXFileReference; lastKnownFileType = image.png; path = "circle-dashed-6-32.png"; sourceTree = "<group>"; };
		38AFD6D717FF5720004B0893 /* circle-dashed-6-48.png */ = {isa = PBXFileReference; lastKnownFileType = image.png; path = "circle-dashed-6-48.png"; sourceTree = "<group>"; };
		38AFD6D817FF5720004B0893 /* CreateNewViewController.h */ = {isa = PBXFileReference; fileEncoding = 4; lastKnownFileType = sourcecode.c.h; path = CreateNewViewController.h; sourceTree = "<group>"; };
		38AFD6D917FF5720004B0893 /* CreateNewViewController.m */ = {isa = PBXFileReference; fileEncoding = 4; lastKnownFileType = sourcecode.c.objc; path = CreateNewViewController.m; sourceTree = "<group>"; };
		38AFD6DA17FF5720004B0893 /* CreateNewViewController.xib */ = {isa = PBXFileReference; fileEncoding = 4; lastKnownFileType = file.xib; path = CreateNewViewController.xib; sourceTree = "<group>"; };
		38AFD6DB17FF5720004B0893 /* CustomButton.h */ = {isa = PBXFileReference; fileEncoding = 4; lastKnownFileType = sourcecode.c.h; path = CustomButton.h; sourceTree = "<group>"; };
		38AFD6DD17FF5720004B0893 /* CustomButton.m */ = {isa = PBXFileReference; fileEncoding = 4; lastKnownFileType = sourcecode.c.objc; path = CustomButton.m; sourceTree = "<group>"; };
		38AFD6DF17FF5720004B0893 /* edited-red-arrow2.png */ = {isa = PBXFileReference; lastKnownFileType = image.png; path = "edited-red-arrow2.png"; sourceTree = "<group>"; };
		38AFD6E017FF5720004B0893 /* edited-red-arrow3.png */ = {isa = PBXFileReference; lastKnownFileType = image.png; path = "edited-red-arrow3.png"; sourceTree = "<group>"; };
		38AFD6EC17FF5720004B0893 /* GBViewController.h */ = {isa = PBXFileReference; fileEncoding = 4; lastKnownFileType = sourcecode.c.h; path = GBViewController.h; sourceTree = "<group>"; };
		38AFD6ED17FF5720004B0893 /* GBViewController.m */ = {isa = PBXFileReference; fileEncoding = 4; lastKnownFileType = sourcecode.c.objc; path = GBViewController.m; sourceTree = "<group>"; };
		38AFD6EE17FF5720004B0893 /* GBViewController.xib */ = {isa = PBXFileReference; fileEncoding = 4; lastKnownFileType = file.xib; path = GBViewController.xib; sourceTree = "<group>"; };
		38AFD6EF17FF5720004B0893 /* GHViewController.h */ = {isa = PBXFileReference; fileEncoding = 4; lastKnownFileType = sourcecode.c.h; path = GHViewController.h; sourceTree = "<group>"; };
		38AFD6F017FF5720004B0893 /* GHViewController.m */ = {isa = PBXFileReference; fileEncoding = 4; lastKnownFileType = sourcecode.c.objc; path = GHViewController.m; sourceTree = "<group>"; };
		38AFD6F117FF5720004B0893 /* GHViewController.xib */ = {isa = PBXFileReference; fileEncoding = 4; lastKnownFileType = file.xib; path = GHViewController.xib; sourceTree = "<group>"; };
		38AFD6F217FF5720004B0893 /* GRViewController.h */ = {isa = PBXFileReference; fileEncoding = 4; lastKnownFileType = sourcecode.c.h; path = GRViewController.h; sourceTree = "<group>"; };
		38AFD6F317FF5720004B0893 /* GRViewController.m */ = {isa = PBXFileReference; fileEncoding = 4; lastKnownFileType = sourcecode.c.objc; path = GRViewController.m; sourceTree = "<group>"; };
		38AFD6F417FF5720004B0893 /* GRViewController.xib */ = {isa = PBXFileReference; fileEncoding = 4; lastKnownFileType = file.xib; path = GRViewController.xib; sourceTree = "<group>"; };
		38AFD6F517FF5720004B0893 /* GSViewController.h */ = {isa = PBXFileReference; fileEncoding = 4; lastKnownFileType = sourcecode.c.h; path = GSViewController.h; sourceTree = "<group>"; };
		38AFD6F617FF5720004B0893 /* GSViewController.m */ = {isa = PBXFileReference; fileEncoding = 4; lastKnownFileType = sourcecode.c.objc; path = GSViewController.m; sourceTree = "<group>"; };
		38AFD6F717FF5720004B0893 /* GSViewController.xib */ = {isa = PBXFileReference; fileEncoding = 4; lastKnownFileType = file.xib; path = GSViewController.xib; sourceTree = "<group>"; };
		38AFD6F817FF5720004B0893 /* LNEViewController.h */ = {isa = PBXFileReference; fileEncoding = 4; lastKnownFileType = sourcecode.c.h; path = LNEViewController.h; sourceTree = "<group>"; };
		38AFD6F917FF5720004B0893 /* LNEViewController.m */ = {isa = PBXFileReference; fileEncoding = 4; lastKnownFileType = sourcecode.c.objc; path = LNEViewController.m; sourceTree = "<group>"; };
		38AFD6FA17FF5720004B0893 /* LNEViewController.xib */ = {isa = PBXFileReference; fileEncoding = 4; lastKnownFileType = file.xib; path = LNEViewController.xib; sourceTree = "<group>"; };
		38AFD6FB17FF5720004B0893 /* LPPViewController.h */ = {isa = PBXFileReference; fileEncoding = 4; lastKnownFileType = sourcecode.c.h; path = LPPViewController.h; sourceTree = "<group>"; };
		38AFD6FC17FF5720004B0893 /* LPPViewController.m */ = {isa = PBXFileReference; fileEncoding = 4; lastKnownFileType = sourcecode.c.objc; path = LPPViewController.m; sourceTree = "<group>"; };
		38AFD6FD17FF5720004B0893 /* LPPViewController.xib */ = {isa = PBXFileReference; fileEncoding = 4; lastKnownFileType = file.xib; path = LPPViewController.xib; sourceTree = "<group>"; };
		38AFD6FE17FF5720004B0893 /* LSViewController.h */ = {isa = PBXFileReference; fileEncoding = 4; lastKnownFileType = sourcecode.c.h; path = LSViewController.h; sourceTree = "<group>"; };
		38AFD6FF17FF5720004B0893 /* LSViewController.m */ = {isa = PBXFileReference; fileEncoding = 4; lastKnownFileType = sourcecode.c.objc; path = LSViewController.m; sourceTree = "<group>"; };
		38AFD70017FF5720004B0893 /* LSViewController.xib */ = {isa = PBXFileReference; fileEncoding = 4; lastKnownFileType = file.xib; path = LSViewController.xib; sourceTree = "<group>"; };
		38AFD70117FF5720004B0893 /* ParentViewController.h */ = {isa = PBXFileReference; fileEncoding = 4; lastKnownFileType = sourcecode.c.h; path = ParentViewController.h; sourceTree = "<group>"; };
		38AFD70217FF5720004B0893 /* ParentViewController.m */ = {isa = PBXFileReference; fileEncoding = 4; lastKnownFileType = sourcecode.c.objc; path = ParentViewController.m; sourceTree = "<group>"; };
		38AFD70417FF5720004B0893 /* ParentViewController.xib */ = {isa = PBXFileReference; fileEncoding = 4; lastKnownFileType = file.xib; path = ParentViewController.xib; sourceTree = "<group>"; };
		38AFD70517FF5720004B0893 /* Parser.h */ = {isa = PBXFileReference; fileEncoding = 4; lastKnownFileType = sourcecode.c.h; path = Parser.h; sourceTree = "<group>"; };
		38AFD70617FF5720004B0893 /* Parser.m */ = {isa = PBXFileReference; fileEncoding = 4; lastKnownFileType = sourcecode.c.objc; path = Parser.m; sourceTree = "<group>"; };
		38AFD70717FF5720004B0893 /* Prediction.h */ = {isa = PBXFileReference; fileEncoding = 4; lastKnownFileType = sourcecode.c.h; path = Prediction.h; sourceTree = "<group>"; };
		38AFD70817FF5720004B0893 /* Prediction.m */ = {isa = PBXFileReference; fileEncoding = 4; lastKnownFileType = sourcecode.c.objc; path = Prediction.m; sourceTree = "<group>"; };
		38AFD70917FF5720004B0893 /* SettingsViewController.h */ = {isa = PBXFileReference; fileEncoding = 4; lastKnownFileType = sourcecode.c.h; path = SettingsViewController.h; sourceTree = "<group>"; };
		38AFD70A17FF5720004B0893 /* SettingsViewController.m */ = {isa = PBXFileReference; fileEncoding = 4; lastKnownFileType = sourcecode.c.objc; path = SettingsViewController.m; sourceTree = "<group>"; };
		38AFD70B17FF5720004B0893 /* SettingsViewController.xib */ = {isa = PBXFileReference; fileEncoding = 4; lastKnownFileType = file.xib; path = SettingsViewController.xib; sourceTree = "<group>"; };
		38AFD70C17FF5720004B0893 /* Utilities.h */ = {isa = PBXFileReference; fileEncoding = 4; lastKnownFileType = sourcecode.c.h; path = Utilities.h; sourceTree = "<group>"; };
		38AFD70D17FF5720004B0893 /* Utilities.m */ = {isa = PBXFileReference; fileEncoding = 4; lastKnownFileType = sourcecode.c.objc; path = Utilities.m; sourceTree = "<group>"; };
		38FCC2C617E2EAA10055F5A1 /* bustimes.app */ = {isa = PBXFileReference; explicitFileType = wrapper.application; includeInIndex = 0; path = bustimes.app; sourceTree = BUILT_PRODUCTS_DIR; };
		38FCC2C917E2EAA10055F5A1 /* UIKit.framework */ = {isa = PBXFileReference; lastKnownFileType = wrapper.framework; name = UIKit.framework; path = System/Library/Frameworks/UIKit.framework; sourceTree = SDKROOT; };
		38FCC2CB17E2EAA10055F5A1 /* Foundation.framework */ = {isa = PBXFileReference; lastKnownFileType = wrapper.framework; name = Foundation.framework; path = System/Library/Frameworks/Foundation.framework; sourceTree = SDKROOT; };
		38FCC2CD17E2EAA10055F5A1 /* CoreGraphics.framework */ = {isa = PBXFileReference; lastKnownFileType = wrapper.framework; name = CoreGraphics.framework; path = System/Library/Frameworks/CoreGraphics.framework; sourceTree = SDKROOT; };
		38FCC2D117E2EAA10055F5A1 /* bustimes-Info.plist */ = {isa = PBXFileReference; lastKnownFileType = text.plist.xml; path = "bustimes-Info.plist"; sourceTree = "<group>"; };
		38FCC2D317E2EAA10055F5A1 /* en */ = {isa = PBXFileReference; lastKnownFileType = text.plist.strings; name = en; path = en.lproj/InfoPlist.strings; sourceTree = "<group>"; };
		38FCC2D517E2EAA10055F5A1 /* main.m */ = {isa = PBXFileReference; lastKnownFileType = sourcecode.c.objc; path = main.m; sourceTree = "<group>"; };
		38FCC2D717E2EAA10055F5A1 /* bustimes-Prefix.pch */ = {isa = PBXFileReference; lastKnownFileType = sourcecode.c.h; path = "bustimes-Prefix.pch"; sourceTree = "<group>"; };
		38FCC2D817E2EAA10055F5A1 /* AppDelegate.h */ = {isa = PBXFileReference; lastKnownFileType = sourcecode.c.h; path = AppDelegate.h; sourceTree = "<group>"; };
		38FCC2D917E2EAA10055F5A1 /* AppDelegate.m */ = {isa = PBXFileReference; lastKnownFileType = sourcecode.c.objc; path = AppDelegate.m; sourceTree = "<group>"; };
		38FCC2DB17E2EAA10055F5A1 /* Default.png */ = {isa = PBXFileReference; lastKnownFileType = image.png; path = Default.png; sourceTree = "<group>"; };
		38FCC2DD17E2EAA10055F5A1 /* Default@2x.png */ = {isa = PBXFileReference; lastKnownFileType = image.png; path = "Default@2x.png"; sourceTree = "<group>"; };
		38FCC2DF17E2EAA10055F5A1 /* Default-568h@2x.png */ = {isa = PBXFileReference; lastKnownFileType = image.png; path = "Default-568h@2x.png"; sourceTree = "<group>"; };
		38FCC2E217E2EAA10055F5A1 /* en */ = {isa = PBXFileReference; lastKnownFileType = file.storyboard; name = en; path = en.lproj/MainStoryboard_iPhone.storyboard; sourceTree = "<group>"; };
		38FCC2E517E2EAA10055F5A1 /* en */ = {isa = PBXFileReference; lastKnownFileType = file.storyboard; name = en; path = en.lproj/MainStoryboard_iPad.storyboard; sourceTree = "<group>"; };
		38FCC2E717E2EAA10055F5A1 /* ViewController.h */ = {isa = PBXFileReference; lastKnownFileType = sourcecode.c.h; path = ViewController.h; sourceTree = "<group>"; };
		38FCC2E817E2EAA10055F5A1 /* ViewController.m */ = {isa = PBXFileReference; lastKnownFileType = sourcecode.c.objc; path = ViewController.m; sourceTree = "<group>"; };
		38FCC2EF17E2EAA10055F5A1 /* bustimesTests.octest */ = {isa = PBXFileReference; explicitFileType = wrapper.cfbundle; includeInIndex = 0; path = bustimesTests.octest; sourceTree = BUILT_PRODUCTS_DIR; };
		38FCC2F017E2EAA10055F5A1 /* SenTestingKit.framework */ = {isa = PBXFileReference; lastKnownFileType = wrapper.framework; name = SenTestingKit.framework; path = Library/Frameworks/SenTestingKit.framework; sourceTree = DEVELOPER_DIR; };
		38FCC2F817E2EAA10055F5A1 /* bustimesTests-Info.plist */ = {isa = PBXFileReference; lastKnownFileType = text.plist.xml; path = "bustimesTests-Info.plist"; sourceTree = "<group>"; };
		38FCC2FA17E2EAA10055F5A1 /* en */ = {isa = PBXFileReference; lastKnownFileType = text.plist.strings; name = en; path = en.lproj/InfoPlist.strings; sourceTree = "<group>"; };
		38FCC2FC17E2EAA10055F5A1 /* bustimesTests.h */ = {isa = PBXFileReference; lastKnownFileType = sourcecode.c.h; path = bustimesTests.h; sourceTree = "<group>"; };
		38FCC2FD17E2EAA10055F5A1 /* bustimesTests.m */ = {isa = PBXFileReference; lastKnownFileType = sourcecode.c.objc; path = bustimesTests.m; sourceTree = "<group>"; };
/* End PBXFileReference section */

/* Begin PBXFrameworksBuildPhase section */
		38FCC2C317E2EAA10055F5A1 /* Frameworks */ = {
			isa = PBXFrameworksBuildPhase;
			buildActionMask = 2147483647;
			files = (
				38FCC2CA17E2EAA10055F5A1 /* UIKit.framework in Frameworks */,
				38FCC2CC17E2EAA10055F5A1 /* Foundation.framework in Frameworks */,
				38FCC2CE17E2EAA10055F5A1 /* CoreGraphics.framework in Frameworks */,
			);
			runOnlyForDeploymentPostprocessing = 0;
		};
		38FCC2EB17E2EAA10055F5A1 /* Frameworks */ = {
			isa = PBXFrameworksBuildPhase;
			buildActionMask = 2147483647;
			files = (
				38FCC2F117E2EAA10055F5A1 /* SenTestingKit.framework in Frameworks */,
				38FCC2F217E2EAA10055F5A1 /* UIKit.framework in Frameworks */,
				38FCC2F317E2EAA10055F5A1 /* Foundation.framework in Frameworks */,
			);
			runOnlyForDeploymentPostprocessing = 0;
		};
/* End PBXFrameworksBuildPhase section */

/* Begin PBXGroup section */
		38FCC2BD17E2EAA00055F5A1 = {
			isa = PBXGroup;
			children = (
				38FCC2CF17E2EAA10055F5A1 /* bustimes */,
				38FCC2F617E2EAA10055F5A1 /* bustimesTests */,
				38FCC2C817E2EAA10055F5A1 /* Frameworks */,
				38FCC2C717E2EAA10055F5A1 /* Products */,
			);
			sourceTree = "<group>";
		};
		38FCC2C717E2EAA10055F5A1 /* Products */ = {
			isa = PBXGroup;
			children = (
				38FCC2C617E2EAA10055F5A1 /* bustimes.app */,
				38FCC2EF17E2EAA10055F5A1 /* bustimesTests.octest */,
			);
			name = Products;
			sourceTree = "<group>";
		};
		38FCC2C817E2EAA10055F5A1 /* Frameworks */ = {
			isa = PBXGroup;
			children = (
				38FCC2C917E2EAA10055F5A1 /* UIKit.framework */,
				38FCC2CB17E2EAA10055F5A1 /* Foundation.framework */,
				38FCC2CD17E2EAA10055F5A1 /* CoreGraphics.framework */,
				38FCC2F017E2EAA10055F5A1 /* SenTestingKit.framework */,
			);
			name = Frameworks;
			sourceTree = "<group>";
		};
		38FCC2CF17E2EAA10055F5A1 /* bustimes */ = {
			isa = PBXGroup;
			children = (
				38FCC2D817E2EAA10055F5A1 /* AppDelegate.h */,
				38FCC2D917E2EAA10055F5A1 /* AppDelegate.m */,
				38FCC2E117E2EAA10055F5A1 /* MainStoryboard_iPhone.storyboard */,
				38FCC2E417E2EAA10055F5A1 /* MainStoryboard_iPad.storyboard */,
				38AFD6D817FF5720004B0893 /* CreateNewViewController.h */,
				38AFD6D917FF5720004B0893 /* CreateNewViewController.m */,
				38AFD6DA17FF5720004B0893 /* CreateNewViewController.xib */,
				38AFD6DB17FF5720004B0893 /* CustomButton.h */,
				38AFD6DD17FF5720004B0893 /* CustomButton.m */,
				38AFD6EC17FF5720004B0893 /* GBViewController.h */,
				38AFD6ED17FF5720004B0893 /* GBViewController.m */,
				38AFD6EE17FF5720004B0893 /* GBViewController.xib */,
				38AFD6EF17FF5720004B0893 /* GHViewController.h */,
				38AFD6F017FF5720004B0893 /* GHViewController.m */,
				38AFD6F117FF5720004B0893 /* GHViewController.xib */,
				38AFD6F217FF5720004B0893 /* GRViewController.h */,
				38AFD6F317FF5720004B0893 /* GRViewController.m */,
				38AFD6F417FF5720004B0893 /* GRViewController.xib */,
				38AFD6F517FF5720004B0893 /* GSViewController.h */,
				38AFD6F617FF5720004B0893 /* GSViewController.m */,
				38AFD6F717FF5720004B0893 /* GSViewController.xib */,
				38AFD6F817FF5720004B0893 /* LNEViewController.h */,
				38AFD6F917FF5720004B0893 /* LNEViewController.m */,
				38AFD6FA17FF5720004B0893 /* LNEViewController.xib */,
				38AFD6FB17FF5720004B0893 /* LPPViewController.h */,
				38AFD6FC17FF5720004B0893 /* LPPViewController.m */,
				38AFD6FD17FF5720004B0893 /* LPPViewController.xib */,
				38AFD6FE17FF5720004B0893 /* LSViewController.h */,
				38AFD6FF17FF5720004B0893 /* LSViewController.m */,
				38AFD70017FF5720004B0893 /* LSViewController.xib */,
				38AFD70117FF5720004B0893 /* ParentViewController.h */,
				38AFD70217FF5720004B0893 /* ParentViewController.m */,
				38AFD70417FF5720004B0893 /* ParentViewController.xib */,
				38AFD70517FF5720004B0893 /* Parser.h */,
				38AFD70617FF5720004B0893 /* Parser.m */,
				38AFD70717FF5720004B0893 /* Prediction.h */,
				38AFD70817FF5720004B0893 /* Prediction.m */,
				38AFD70917FF5720004B0893 /* SettingsViewController.h */,
				38AFD70A17FF5720004B0893 /* SettingsViewController.m */,
				38AFD70B17FF5720004B0893 /* SettingsViewController.xib */,
				38AFD70C17FF5720004B0893 /* Utilities.h */,
				38AFD70D17FF5720004B0893 /* Utilities.m */,
				38FCC2E717E2EAA10055F5A1 /* ViewController.h */,
				38FCC2E817E2EAA10055F5A1 /* ViewController.m */,
				38933D0918037B3600E6E4DD /* BusFolderController.h */,
				38933D0A18037B3600E6E4DD /* BusFolderController.m */,
				38933D0B18037B3600E6E4DD /* BusFolderController.xib */,
				389CCEDB1804A46A00964266 /* BusGroupController.h */,
				389CCEDC1804A46A00964266 /* BusGroupController.m */,
				389CCEDD1804A46A00964266 /* BusGroupController.xib */,
				38FCC2D017E2EAA10055F5A1 /* Supporting Files */,
			);
			path = bustimes;
			sourceTree = "<group>";
		};
		38FCC2D017E2EAA10055F5A1 /* Supporting Files */ = {
			isa = PBXGroup;
			children = (
				38AFD6D517FF5720004B0893 /* arrow.png */,
				38AFD6D617FF5720004B0893 /* circle-dashed-6-32.png */,
				38AFD6D717FF5720004B0893 /* circle-dashed-6-48.png */,
				38AFD6DF17FF5720004B0893 /* edited-red-arrow2.png */,
				38AFD6E017FF5720004B0893 /* edited-red-arrow3.png */,
				38FCC2D117E2EAA10055F5A1 /* bustimes-Info.plist */,
				38FCC2D217E2EAA10055F5A1 /* InfoPlist.strings */,
				38FCC2D517E2EAA10055F5A1 /* main.m */,
				38FCC2D717E2EAA10055F5A1 /* bustimes-Prefix.pch */,
				38FCC2DB17E2EAA10055F5A1 /* Default.png */,
				38FCC2DD17E2EAA10055F5A1 /* Default@2x.png */,
				38FCC2DF17E2EAA10055F5A1 /* Default-568h@2x.png */,
			);
			name = "Supporting Files";
			sourceTree = "<group>";
		};
		38FCC2F617E2EAA10055F5A1 /* bustimesTests */ = {
			isa = PBXGroup;
			children = (
				38FCC2FC17E2EAA10055F5A1 /* bustimesTests.h */,
				38FCC2FD17E2EAA10055F5A1 /* bustimesTests.m */,
				38FCC2F717E2EAA10055F5A1 /* Supporting Files */,
			);
			path = bustimesTests;
			sourceTree = "<group>";
		};
		38FCC2F717E2EAA10055F5A1 /* Supporting Files */ = {
			isa = PBXGroup;
			children = (
				38FCC2F817E2EAA10055F5A1 /* bustimesTests-Info.plist */,
				38FCC2F917E2EAA10055F5A1 /* InfoPlist.strings */,
			);
			name = "Supporting Files";
			sourceTree = "<group>";
		};
/* End PBXGroup section */

/* Begin PBXNativeTarget section */
		38FCC2C517E2EAA10055F5A1 /* bustimes */ = {
			isa = PBXNativeTarget;
			buildConfigurationList = 38FCC30117E2EAA10055F5A1 /* Build configuration list for PBXNativeTarget "bustimes" */;
			buildPhases = (
				38FCC2C217E2EAA10055F5A1 /* Sources */,
				38FCC2C317E2EAA10055F5A1 /* Frameworks */,
				38FCC2C417E2EAA10055F5A1 /* Resources */,
			);
			buildRules = (
			);
			dependencies = (
			);
			name = bustimes;
			productName = bustimes;
			productReference = 38FCC2C617E2EAA10055F5A1 /* bustimes.app */;
			productType = "com.apple.product-type.application";
		};
		38FCC2EE17E2EAA10055F5A1 /* bustimesTests */ = {
			isa = PBXNativeTarget;
			buildConfigurationList = 38FCC30417E2EAA10055F5A1 /* Build configuration list for PBXNativeTarget "bustimesTests" */;
			buildPhases = (
				38FCC2EA17E2EAA10055F5A1 /* Sources */,
				38FCC2EB17E2EAA10055F5A1 /* Frameworks */,
				38FCC2EC17E2EAA10055F5A1 /* Resources */,
				38FCC2ED17E2EAA10055F5A1 /* ShellScript */,
			);
			buildRules = (
			);
			dependencies = (
				38FCC2F517E2EAA10055F5A1 /* PBXTargetDependency */,
			);
			name = bustimesTests;
			productName = bustimesTests;
			productReference = 38FCC2EF17E2EAA10055F5A1 /* bustimesTests.octest */;
			productType = "com.apple.product-type.bundle";
		};
/* End PBXNativeTarget section */

/* Begin PBXProject section */
		38FCC2BE17E2EAA00055F5A1 /* Project object */ = {
			isa = PBXProject;
			attributes = {
				LastUpgradeCheck = 0460;
				ORGANIZATIONNAME = "Adela Chang";
				TargetAttributes = {
					38FCC2C517E2EAA10055F5A1 = {
						DevelopmentTeam = 5P65E335XB;
					};
				};
			};
			buildConfigurationList = 38FCC2C117E2EAA00055F5A1 /* Build configuration list for PBXProject "bustimes" */;
			compatibilityVersion = "Xcode 3.2";
			developmentRegion = English;
			hasScannedForEncodings = 0;
			knownRegions = (
				en,
			);
			mainGroup = 38FCC2BD17E2EAA00055F5A1;
			productRefGroup = 38FCC2C717E2EAA10055F5A1 /* Products */;
			projectDirPath = "";
			projectRoot = "";
			targets = (
				38FCC2C517E2EAA10055F5A1 /* bustimes */,
				38FCC2EE17E2EAA10055F5A1 /* bustimesTests */,
			);
		};
/* End PBXProject section */

/* Begin PBXResourcesBuildPhase section */
		38FCC2C417E2EAA10055F5A1 /* Resources */ = {
			isa = PBXResourcesBuildPhase;
			buildActionMask = 2147483647;
			files = (
				38FCC2D417E2EAA10055F5A1 /* InfoPlist.strings in Resources */,
				38AFD71E17FF5720004B0893 /* GBViewController.xib in Resources */,
				38AFD72417FF5720004B0893 /* GSViewController.xib in Resources */,
				389CCEDF1804A46A00964266 /* BusGroupController.xib in Resources */,
				38AFD71217FF5720004B0893 /* CreateNewViewController.xib in Resources */,
				38AFD72617FF5720004B0893 /* LNEViewController.xib in Resources */,
				38FCC2DC17E2EAA10055F5A1 /* Default.png in Resources */,
				38AFD72A17FF5720004B0893 /* LSViewController.xib in Resources */,
				38FCC2DE17E2EAA10055F5A1 /* Default@2x.png in Resources */,
				38FCC2E017E2EAA10055F5A1 /* Default-568h@2x.png in Resources */,
				38FCC2E317E2EAA10055F5A1 /* MainStoryboard_iPhone.storyboard in Resources */,
				38AFD70E17FF5720004B0893 /* arrow.png in Resources */,
				38AFD72217FF5720004B0893 /* GRViewController.xib in Resources */,
				38AFD71717FF5720004B0893 /* edited-red-arrow3.png in Resources */,
				38AFD73117FF5720004B0893 /* SettingsViewController.xib in Resources */,
				38AFD72D17FF5720004B0893 /* ParentViewController.xib in Resources */,
				38AFD72817FF5720004B0893 /* LPPViewController.xib in Resources */,
				38933D0D18037B3600E6E4DD /* BusFolderController.xib in Resources */,
				38AFD71017FF5720004B0893 /* circle-dashed-6-48.png in Resources */,
				38AFD71617FF5720004B0893 /* edited-red-arrow2.png in Resources */,
				38AFD70F17FF5720004B0893 /* circle-dashed-6-32.png in Resources */,
				38FCC2E617E2EAA10055F5A1 /* MainStoryboard_iPad.storyboard in Resources */,
				38AFD72017FF5720004B0893 /* GHViewController.xib in Resources */,
			);
			runOnlyForDeploymentPostprocessing = 0;
		};
		38FCC2EC17E2EAA10055F5A1 /* Resources */ = {
			isa = PBXResourcesBuildPhase;
			buildActionMask = 2147483647;
			files = (
				38FCC2FB17E2EAA10055F5A1 /* InfoPlist.strings in Resources */,
			);
			runOnlyForDeploymentPostprocessing = 0;
		};
/* End PBXResourcesBuildPhase section */

/* Begin PBXShellScriptBuildPhase section */
		38FCC2ED17E2EAA10055F5A1 /* ShellScript */ = {
			isa = PBXShellScriptBuildPhase;
			buildActionMask = 2147483647;
			files = (
			);
			inputPaths = (
			);
			outputPaths = (
			);
			runOnlyForDeploymentPostprocessing = 0;
			shellPath = /bin/sh;
			shellScript = "# Run the unit tests in this test bundle.\n\"${SYSTEM_DEVELOPER_DIR}/Tools/RunUnitTests\"\n";
		};
/* End PBXShellScriptBuildPhase section */

/* Begin PBXSourcesBuildPhase section */
		38FCC2C217E2EAA10055F5A1 /* Sources */ = {
			isa = PBXSourcesBuildPhase;
			buildActionMask = 2147483647;
			files = (
				38FCC2D617E2EAA10055F5A1 /* main.m in Sources */,
				38AFD72B17FF5720004B0893 /* ParentViewController.m in Sources */,
				38933D0C18037B3600E6E4DD /* BusFolderController.m in Sources */,
				38AFD72317FF5720004B0893 /* GSViewController.m in Sources */,
				38AFD72E17FF5720004B0893 /* Parser.m in Sources */,
				38AFD71417FF5720004B0893 /* CustomButton.m in Sources */,
				38AFD71F17FF5720004B0893 /* GHViewController.m in Sources */,
				38AFD72717FF5720004B0893 /* LPPViewController.m in Sources */,
				38AFD72F17FF5720004B0893 /* Prediction.m in Sources */,
				38AFD73017FF5720004B0893 /* SettingsViewController.m in Sources */,
				38AFD71117FF5720004B0893 /* CreateNewViewController.m in Sources */,
				389CCEDE1804A46A00964266 /* BusGroupController.m in Sources */,
				38FCC2DA17E2EAA10055F5A1 /* AppDelegate.m in Sources */,
				38AFD73217FF5720004B0893 /* Utilities.m in Sources */,
				38AFD72917FF5720004B0893 /* LSViewController.m in Sources */,
				38AFD72517FF5720004B0893 /* LNEViewController.m in Sources */,
				38AFD71D17FF5720004B0893 /* GBViewController.m in Sources */,
				38AFD72117FF5720004B0893 /* GRViewController.m in Sources */,
				38FCC2E917E2EAA10055F5A1 /* ViewController.m in Sources */,
			);
			runOnlyForDeploymentPostprocessing = 0;
		};
		38FCC2EA17E2EAA10055F5A1 /* Sources */ = {
			isa = PBXSourcesBuildPhase;
			buildActionMask = 2147483647;
			files = (
				38FCC2FE17E2EAA10055F5A1 /* bustimesTests.m in Sources */,
			);
			runOnlyForDeploymentPostprocessing = 0;
		};
/* End PBXSourcesBuildPhase section */

/* Begin PBXTargetDependency section */
		38FCC2F517E2EAA10055F5A1 /* PBXTargetDependency */ = {
			isa = PBXTargetDependency;
			target = 38FCC2C517E2EAA10055F5A1 /* bustimes */;
			targetProxy = 38FCC2F417E2EAA10055F5A1 /* PBXContainerItemProxy */;
		};
/* End PBXTargetDependency section */

/* Begin PBXVariantGroup section */
		38FCC2D217E2EAA10055F5A1 /* InfoPlist.strings */ = {
			isa = PBXVariantGroup;
			children = (
				38FCC2D317E2EAA10055F5A1 /* en */,
			);
			name = InfoPlist.strings;
			sourceTree = "<group>";
		};
		38FCC2E117E2EAA10055F5A1 /* MainStoryboard_iPhone.storyboard */ = {
			isa = PBXVariantGroup;
			children = (
				38FCC2E217E2EAA10055F5A1 /* en */,
			);
			name = MainStoryboard_iPhone.storyboard;
			sourceTree = "<group>";
		};
		38FCC2E417E2EAA10055F5A1 /* MainStoryboard_iPad.storyboard */ = {
			isa = PBXVariantGroup;
			children = (
				38FCC2E517E2EAA10055F5A1 /* en */,
			);
			name = MainStoryboard_iPad.storyboard;
			sourceTree = "<group>";
		};
		38FCC2F917E2EAA10055F5A1 /* InfoPlist.strings */ = {
			isa = PBXVariantGroup;
			children = (
				38FCC2FA17E2EAA10055F5A1 /* en */,
			);
			name = InfoPlist.strings;
			sourceTree = "<group>";
		};
/* End PBXVariantGroup section */

/* Begin XCBuildConfiguration section */
		38FCC2FF17E2EAA10055F5A1 /* Debug */ = {
			isa = XCBuildConfiguration;
			buildSettings = {
				ALWAYS_SEARCH_USER_PATHS = NO;
				CLANG_CXX_LANGUAGE_STANDARD = "gnu++0x";
				CLANG_CXX_LIBRARY = "libc++";
				CLANG_ENABLE_OBJC_ARC = YES;
				CLANG_WARN_CONSTANT_CONVERSION = YES;
				CLANG_WARN_EMPTY_BODY = YES;
				CLANG_WARN_ENUM_CONVERSION = YES;
				CLANG_WARN_INT_CONVERSION = YES;
				CLANG_WARN__DUPLICATE_METHOD_MATCH = YES;
				"CODE_SIGN_IDENTITY[sdk=iphoneos*]" = "iPhone Developer";
				COPY_PHASE_STRIP = NO;
				GCC_C_LANGUAGE_STANDARD = gnu99;
				GCC_DYNAMIC_NO_PIC = NO;
				GCC_OPTIMIZATION_LEVEL = 0;
				GCC_PREPROCESSOR_DEFINITIONS = (
					"DEBUG=1",
					"$(inherited)",
				);
				GCC_SYMBOLS_PRIVATE_EXTERN = NO;
				GCC_WARN_ABOUT_RETURN_TYPE = YES;
				GCC_WARN_UNINITIALIZED_AUTOS = YES;
				GCC_WARN_UNUSED_VARIABLE = YES;
				IPHONEOS_DEPLOYMENT_TARGET = 6.1;
				ONLY_ACTIVE_ARCH = YES;
				SDKROOT = iphoneos;
				TARGETED_DEVICE_FAMILY = "1,2";
			};
			name = Debug;
		};
		38FCC30017E2EAA10055F5A1 /* Release */ = {
			isa = XCBuildConfiguration;
			buildSettings = {
				ALWAYS_SEARCH_USER_PATHS = NO;
				CLANG_CXX_LANGUAGE_STANDARD = "gnu++0x";
				CLANG_CXX_LIBRARY = "libc++";
				CLANG_ENABLE_OBJC_ARC = YES;
				CLANG_WARN_CONSTANT_CONVERSION = YES;
				CLANG_WARN_EMPTY_BODY = YES;
				CLANG_WARN_ENUM_CONVERSION = YES;
				CLANG_WARN_INT_CONVERSION = YES;
				CLANG_WARN__DUPLICATE_METHOD_MATCH = YES;
				"CODE_SIGN_IDENTITY[sdk=iphoneos*]" = "iPhone Developer";
				COPY_PHASE_STRIP = YES;
				GCC_C_LANGUAGE_STANDARD = gnu99;
				GCC_WARN_ABOUT_RETURN_TYPE = YES;
				GCC_WARN_UNINITIALIZED_AUTOS = YES;
				GCC_WARN_UNUSED_VARIABLE = YES;
				IPHONEOS_DEPLOYMENT_TARGET = 6.1;
				OTHER_CFLAGS = "-DNS_BLOCK_ASSERTIONS=1";
				SDKROOT = iphoneos;
				TARGETED_DEVICE_FAMILY = "1,2";
				VALIDATE_PRODUCT = YES;
			};
			name = Release;
		};
		38FCC30217E2EAA10055F5A1 /* Debug */ = {
			isa = XCBuildConfiguration;
			buildSettings = {
				CODE_SIGN_IDENTITY = "iPhone Developer";
				"CODE_SIGN_IDENTITY[sdk=iphoneos*]" = "iPhone Developer";
				GCC_PRECOMPILE_PREFIX_HEADER = YES;
				GCC_PREFIX_HEADER = "bustimes/bustimes-Prefix.pch";
				INFOPLIST_FILE = "bustimes/bustimes-Info.plist";
				PRODUCT_NAME = "$(TARGET_NAME)";
				PROVISIONING_PROFILE = "";
				WRAPPER_EXTENSION = app;
			};
			name = Debug;
		};
		38FCC30317E2EAA10055F5A1 /* Release */ = {
			isa = XCBuildConfiguration;
			buildSettings = {
				CODE_SIGN_IDENTITY = "iPhone Developer";
				"CODE_SIGN_IDENTITY[sdk=iphoneos*]" = "iPhone Developer";
				GCC_PRECOMPILE_PREFIX_HEADER = YES;
				GCC_PREFIX_HEADER = "bustimes/bustimes-Prefix.pch";
				INFOPLIST_FILE = "bustimes/bustimes-Info.plist";
				PRODUCT_NAME = "$(TARGET_NAME)";
				PROVISIONING_PROFILE = "";
				WRAPPER_EXTENSION = app;
			};
			name = Release;
		};
		38FCC30517E2EAA10055F5A1 /* Debug */ = {
			isa = XCBuildConfiguration;
			buildSettings = {
				BUNDLE_LOADER = "$(BUILT_PRODUCTS_DIR)/bustimes.app/bustimes";
				FRAMEWORK_SEARCH_PATHS = (
					"\"$(SDKROOT)/Developer/Library/Frameworks\"",
					"\"$(DEVELOPER_LIBRARY_DIR)/Frameworks\"",
				);
				GCC_PRECOMPILE_PREFIX_HEADER = YES;
				GCC_PREFIX_HEADER = "bustimes/bustimes-Prefix.pch";
				INFOPLIST_FILE = "bustimesTests/bustimesTests-Info.plist";
				PRODUCT_NAME = "$(TARGET_NAME)";
				TEST_HOST = "$(BUNDLE_LOADER)";
				WRAPPER_EXTENSION = octest;
			};
			name = Debug;
		};
		38FCC30617E2EAA10055F5A1 /* Release */ = {
			isa = XCBuildConfiguration;
			buildSettings = {
				BUNDLE_LOADER = "$(BUILT_PRODUCTS_DIR)/bustimes.app/bustimes";
				FRAMEWORK_SEARCH_PATHS = (
					"\"$(SDKROOT)/Developer/Library/Frameworks\"",
					"\"$(DEVELOPER_LIBRARY_DIR)/Frameworks\"",
				);
				GCC_PRECOMPILE_PREFIX_HEADER = YES;
				GCC_PREFIX_HEADER = "bustimes/bustimes-Prefix.pch";
				INFOPLIST_FILE = "bustimesTests/bustimesTests-Info.plist";
				PRODUCT_NAME = "$(TARGET_NAME)";
				TEST_HOST = "$(BUNDLE_LOADER)";
				WRAPPER_EXTENSION = octest;
			};
			name = Release;
		};
/* End XCBuildConfiguration section */

/* Begin XCConfigurationList section */
		38FCC2C117E2EAA00055F5A1 /* Build configuration list for PBXProject "bustimes" */ = {
			isa = XCConfigurationList;
			buildConfigurations = (
				38FCC2FF17E2EAA10055F5A1 /* Debug */,
				38FCC30017E2EAA10055F5A1 /* Release */,
			);
			defaultConfigurationIsVisible = 0;
			defaultConfigurationName = Release;
		};
		38FCC30117E2EAA10055F5A1 /* Build configuration list for PBXNativeTarget "bustimes" */ = {
			isa = XCConfigurationList;
			buildConfigurations = (
				38FCC30217E2EAA10055F5A1 /* Debug */,
				38FCC30317E2EAA10055F5A1 /* Release */,
			);
			defaultConfigurationIsVisible = 0;
			defaultConfigurationName = Release;
		};
		38FCC30417E2EAA10055F5A1 /* Build configuration list for PBXNativeTarget "bustimesTests" */ = {
			isa = XCConfigurationList;
			buildConfigurations = (
				38FCC30517E2EAA10055F5A1 /* Debug */,
				38FCC30617E2EAA10055F5A1 /* Release */,
			);
			defaultConfigurationIsVisible = 0;
			defaultConfigurationName = Release;
		};
/* End XCConfigurationList section */
	};
	rootObject = 38FCC2BE17E2EAA00055F5A1 /* Project object */;
}
